
Microsoft Visual Studio Solution File, Format Version 12.00
# Visual Studio Version 16
VisualStudioVersion = 16.0.31321.278
MinimumVisualStudioVersion = 10.0.40219.1
Project("{FAE04EC0-301F-11D3-BF4B-00C04F79EFBC}") = "TPC_Sanchez_Arostegui_Olsavsky", "TPC_Sanchez_Arostegui_Olsavsky\TPC_Sanchez_Arostegui_Olsavsky.csproj", "{EEB009B5-A285-4FB7-A99F-8108F366E3EC}"
EndProject
Global
	GlobalSection(SolutionConfigurationPlatforms) = preSolution
		Debug|Any CPU = Debug|Any CPU
		Release|Any CPU = Release|Any CPU
	EndGlobalSection
	GlobalSection(ProjectConfigurationPlatforms) = postSolution
		{EEB009B5-A285-4FB7-A99F-8108F366E3EC}.Debug|Any CPU.ActiveCfg = Debug|Any CPU
		{EEB009B5-A285-4FB7-A99F-8108F366E3EC}.Debug|Any CPU.Build.0 = Debug|Any CPU
		{EEB009B5-A285-4FB7-A99F-8108F366E3EC}.Release|Any CPU.ActiveCfg = Release|Any CPU
		{EEB009B5-A285-4FB7-A99F-8108F366E3EC}.Release|Any CPU.Build.0 = Release|Any CPU
	EndGlobalSection
	GlobalSection(SolutionProperties) = preSolution
		HideSolutionNode = FALSE
	EndGlobalSection
	GlobalSection(ExtensibilityGlobals) = postSolution
		SolutionGuid = {5055EE5D-8C02-4B65-96C7-2E9973185F35}
	EndGlobalSection
EndGlobal
