
Microsoft Visual Studio Solution File, Format Version 12.00
# Visual Studio Version 16
VisualStudioVersion = 16.0.31321.278
MinimumVisualStudioVersion = 10.0.40219.1
Project("{FAE04EC0-301F-11D3-BF4B-00C04F79EFBC}") = "dominio", "dominio\dominio.csproj", "{9FBD1716-B184-4E75-80C9-B6AF37D3BD0E}"
EndProject
Project("{FAE04EC0-301F-11D3-BF4B-00C04F79EFBC}") = "negocio", "negocio\negocio.csproj", "{57B48F45-1E38-4574-AA24-B681C9F56FC7}"
EndProject
Project("{FAE04EC0-301F-11D3-BF4B-00C04F79EFBC}") = "DataAccess", "dataAccess\DataAccess.csproj", "{CE8D5D2A-CBC7-4363-9D31-650375BE5874}"
EndProject
Project("{FAE04EC0-301F-11D3-BF4B-00C04F79EFBC}") = "MedicalTurns", "MedicalTurns\MedicalTurns.csproj", "{A1FC5803-A6C8-4124-9652-1C2FC429E5D2}"
	ProjectSection(ProjectDependencies) = postProject
		{CE8D5D2A-CBC7-4363-9D31-650375BE5874} = {CE8D5D2A-CBC7-4363-9D31-650375BE5874}
	EndProjectSection
EndProject
Global
	GlobalSection(SolutionConfigurationPlatforms) = preSolution
		Debug|Any CPU = Debug|Any CPU
		Release|Any CPU = Release|Any CPU
	EndGlobalSection
	GlobalSection(ProjectConfigurationPlatforms) = postSolution
		{9FBD1716-B184-4E75-80C9-B6AF37D3BD0E}.Debug|Any CPU.ActiveCfg = Debug|Any CPU
		{9FBD1716-B184-4E75-80C9-B6AF37D3BD0E}.Debug|Any CPU.Build.0 = Debug|Any CPU
		{9FBD1716-B184-4E75-80C9-B6AF37D3BD0E}.Release|Any CPU.ActiveCfg = Release|Any CPU
		{9FBD1716-B184-4E75-80C9-B6AF37D3BD0E}.Release|Any CPU.Build.0 = Release|Any CPU
		{57B48F45-1E38-4574-AA24-B681C9F56FC7}.Debug|Any CPU.ActiveCfg = Debug|Any CPU
		{57B48F45-1E38-4574-AA24-B681C9F56FC7}.Debug|Any CPU.Build.0 = Debug|Any CPU
		{57B48F45-1E38-4574-AA24-B681C9F56FC7}.Release|Any CPU.ActiveCfg = Release|Any CPU
		{57B48F45-1E38-4574-AA24-B681C9F56FC7}.Release|Any CPU.Build.0 = Release|Any CPU
		{CE8D5D2A-CBC7-4363-9D31-650375BE5874}.Debug|Any CPU.ActiveCfg = Debug|Any CPU
		{CE8D5D2A-CBC7-4363-9D31-650375BE5874}.Debug|Any CPU.Build.0 = Debug|Any CPU
		{CE8D5D2A-CBC7-4363-9D31-650375BE5874}.Release|Any CPU.ActiveCfg = Release|Any CPU
		{CE8D5D2A-CBC7-4363-9D31-650375BE5874}.Release|Any CPU.Build.0 = Release|Any CPU
		{A1FC5803-A6C8-4124-9652-1C2FC429E5D2}.Debug|Any CPU.ActiveCfg = Debug|Any CPU
		{A1FC5803-A6C8-4124-9652-1C2FC429E5D2}.Debug|Any CPU.Build.0 = Debug|Any CPU
		{A1FC5803-A6C8-4124-9652-1C2FC429E5D2}.Release|Any CPU.ActiveCfg = Release|Any CPU
		{A1FC5803-A6C8-4124-9652-1C2FC429E5D2}.Release|Any CPU.Build.0 = Release|Any CPU
	EndGlobalSection
	GlobalSection(SolutionProperties) = preSolution
		HideSolutionNode = FALSE
	EndGlobalSection
	GlobalSection(ExtensibilityGlobals) = postSolution
		SolutionGuid = {1A187ECC-EBAA-4C2C-B271-27470C4B5F99}
	EndGlobalSection
EndGlobal
